
Microsoft Visual Studio Solution File, Format Version 12.00
# Visual Studio Version 17
VisualStudioVersion = 17.5.33627.172
MinimumVisualStudioVersion = 10.0.40219.1
Project("{FAE04EC0-301F-11D3-BF4B-00C04F79EFBC}") = "APIFront", "APIFront\APIFront.csproj", "{6FA3A0D6-D90B-478A-A4FD-92CF0D5723DA}"
EndProject
Global
	GlobalSection(SolutionConfigurationPlatforms) = preSolution
		Debug|Any CPU = Debug|Any CPU
		Release|Any CPU = Release|Any CPU
	EndGlobalSection
	GlobalSection(ProjectConfigurationPlatforms) = postSolution
		{6FA3A0D6-D90B-478A-A4FD-92CF0D5723DA}.Debug|Any CPU.ActiveCfg = Debug|Any CPU
		{6FA3A0D6-D90B-478A-A4FD-92CF0D5723DA}.Debug|Any CPU.Build.0 = Debug|Any CPU
		{6FA3A0D6-D90B-478A-A4FD-92CF0D5723DA}.Release|Any CPU.ActiveCfg = Release|Any CPU
		{6FA3A0D6-D90B-478A-A4FD-92CF0D5723DA}.Release|Any CPU.Build.0 = Release|Any CPU
	EndGlobalSection
	GlobalSection(SolutionProperties) = preSolution
		HideSolutionNode = FALSE
	EndGlobalSection
	GlobalSection(ExtensibilityGlobals) = postSolution
		SolutionGuid = {61F9B412-EF91-4A34-98A7-E85DE5270B38}
	EndGlobalSection
EndGlobal
